
Microsoft Visual Studio Solution File, Format Version 12.00
# Visual Studio Version 16
VisualStudioVersion = 16.0.31112.23
MinimumVisualStudioVersion = 10.0.40219.1
Project("{9A19103F-16F7-4668-BE54-9A1E7A4F7556}") = "Casestudy11uep", "Casestudy11\Casestudy11uep.csproj", "{4B02CD22-B3AC-46CD-90B8-AB5F85CEC6BD}"
EndProject
Project("{FAE04EC0-301F-11D3-BF4B-00C04F79EFBC}") = "Unit_SkillMgnt", "Unit_SkillMgnt\Unit_SkillMgnt.csproj", "{E8E8D385-69C0-4729-A04E-388D88509700}"
EndProject
Global
	GlobalSection(SolutionConfigurationPlatforms) = preSolution
		Debug|Any CPU = Debug|Any CPU
		Release|Any CPU = Release|Any CPU
	EndGlobalSection
	GlobalSection(ProjectConfigurationPlatforms) = postSolution
		{4B02CD22-B3AC-46CD-90B8-AB5F85CEC6BD}.Debug|Any CPU.ActiveCfg = Debug|Any CPU
		{4B02CD22-B3AC-46CD-90B8-AB5F85CEC6BD}.Debug|Any CPU.Build.0 = Debug|Any CPU
		{4B02CD22-B3AC-46CD-90B8-AB5F85CEC6BD}.Release|Any CPU.ActiveCfg = Release|Any CPU
		{4B02CD22-B3AC-46CD-90B8-AB5F85CEC6BD}.Release|Any CPU.Build.0 = Release|Any CPU
		{E8E8D385-69C0-4729-A04E-388D88509700}.Debug|Any CPU.ActiveCfg = Debug|Any CPU
		{E8E8D385-69C0-4729-A04E-388D88509700}.Debug|Any CPU.Build.0 = Debug|Any CPU
		{E8E8D385-69C0-4729-A04E-388D88509700}.Release|Any CPU.ActiveCfg = Release|Any CPU
		{E8E8D385-69C0-4729-A04E-388D88509700}.Release|Any CPU.Build.0 = Release|Any CPU
	EndGlobalSection
	GlobalSection(SolutionProperties) = preSolution
		HideSolutionNode = FALSE
	EndGlobalSection
	GlobalSection(ExtensibilityGlobals) = postSolution
		SolutionGuid = {0C2DB70D-90EB-4918-B030-118B274BD76F}
	EndGlobalSection
EndGlobal
